
Microsoft Visual Studio Solution File, Format Version 12.00
# Visual Studio Version 16
VisualStudioVersion = 16.0.31727.386
MinimumVisualStudioVersion = 10.0.40219.1
Project("{8BC9CEB8-8B4A-11D0-8D11-00A0C91BC942}") = "Web 3", "Web 3\Web 3.vcxproj", "{4872B313-222D-4FBC-B9D0-5CA1B3AD2CCA}"
EndProject
Global
	GlobalSection(SolutionConfigurationPlatforms) = preSolution
		Debug|x64 = Debug|x64
		Debug|x86 = Debug|x86
		Release|x64 = Release|x64
		Release|x86 = Release|x86
	EndGlobalSection
	GlobalSection(ProjectConfigurationPlatforms) = postSolution
		{4872B313-222D-4FBC-B9D0-5CA1B3AD2CCA}.Debug|x64.ActiveCfg = Debug|x64
		{4872B313-222D-4FBC-B9D0-5CA1B3AD2CCA}.Debug|x64.Build.0 = Debug|x64
		{4872B313-222D-4FBC-B9D0-5CA1B3AD2CCA}.Debug|x86.ActiveCfg = Debug|Win32
		{4872B313-222D-4FBC-B9D0-5CA1B3AD2CCA}.Debug|x86.Build.0 = Debug|Win32
		{4872B313-222D-4FBC-B9D0-5CA1B3AD2CCA}.Release|x64.ActiveCfg = Release|x64
		{4872B313-222D-4FBC-B9D0-5CA1B3AD2CCA}.Release|x64.Build.0 = Release|x64
		{4872B313-222D-4FBC-B9D0-5CA1B3AD2CCA}.Release|x86.ActiveCfg = Release|Win32
		{4872B313-222D-4FBC-B9D0-5CA1B3AD2CCA}.Release|x86.Build.0 = Release|Win32
	EndGlobalSection
	GlobalSection(SolutionProperties) = preSolution
		HideSolutionNode = FALSE
	EndGlobalSection
	GlobalSection(ExtensibilityGlobals) = postSolution
		SolutionGuid = {2EAD42FE-E00C-41A9-B345-60A1084D8C88}
	EndGlobalSection
EndGlobal
